
Microsoft Visual Studio Solution File, Format Version 9.00
# Visual C# Express 2005
Project("{FAE04EC0-301F-11D3-BF4B-00C04F79EFBC}") = "Nodepad", "Nodepad.csproj", "{9AB3F1FD-01EE-4ACE-BF66-F1A4D9604EFB}"
EndProject
Global
	GlobalSection(SolutionConfigurationPlatforms) = preSolution
		Debug|Any CPU = Debug|Any CPU
		Release|Any CPU = Release|Any CPU
	EndGlobalSection
	GlobalSection(ProjectConfigurationPlatforms) = postSolution
		{9AB3F1FD-01EE-4ACE-BF66-F1A4D9604EFB}.Debug|Any CPU.ActiveCfg = Debug|Any CPU
		{9AB3F1FD-01EE-4ACE-BF66-F1A4D9604EFB}.Debug|Any CPU.Build.0 = Debug|Any CPU
		{9AB3F1FD-01EE-4ACE-BF66-F1A4D9604EFB}.Release|Any CPU.ActiveCfg = Release|Any CPU
		{9AB3F1FD-01EE-4ACE-BF66-F1A4D9604EFB}.Release|Any CPU.Build.0 = Release|Any CPU
	EndGlobalSection
	GlobalSection(SolutionProperties) = preSolution
		HideSolutionNode = FALSE
	EndGlobalSection
EndGlobal
